github.com/PuerkitoBio/goquery v1.5.0 h1:uGvmFXOA73IKluu/F84Xd1tt/z07GYm8X49XKHP7EJk=
github.com/PuerkitoBio/goquery v1.5.0/go.mod h1:qD2PgZ9lccMbQlc7eEOjaeRlFQON7xY8kdmcsrnKqMg=
github.com/andybalholm/cascadia v1.0.0 h1:hOCXnnZ5A+3eVDX8pvgl4kofXv2ELss0bKcqRySc45o=
github.com/andybalholm/cascadia v1.0.0/go.mod h1:GsXiBklL0woXo1j/WYWtSYYC4ouU9PqHO0sqidkEA4Y=
github.com/benbjohnson/phantomjs v0.0.0-20170410144507-1b81734f7877 h1:QNeATGD2qYPKEGDAm3hvcdNnWHZnYqO8R6Lgpd9MkCs=
github.com/benbjohnson/phantomjs v0.0.0-20170410144507-1b81734f7877/go.mod h1:AnuTIiacTYWkfuqm8V2pSrShJokKKkNVoG4FyCc17q0=
github.com/kataras/golog v0.0.0-20180321173939-03be10146386 h1:VT6AeCHO/mc+VedKBMhoqb5eAK8B1i9F6nZl7EGlHvA=
github.com/kataras/golog v0.0.0-20180321173939-03be10146386/go.mod h1:PcaEvfvhGsqwXZ6S3CgCbmjcp+4UDUh2MIfF2ZEul8M=
github.com/kataras/pio v0.0.0-20190103105442-ea782b38602d h1:V5Rs9ztEWdp58oayPq/ulmlqJJZeJP6pP79uP3qjcao=
github.com/kataras/pio v0.0.0-20190103105442-ea782b38602d/go.mod h1:NV88laa9UiiDuX9AhMbDPkGYSPugBOV6yTZB1l2K9Z0=
github.com/mailru/easyjson v0.0.0-20180823135443-60711f1a8329 h1:2gxZ0XQIU/5z3Z3bUBu+FXuk2pFbkN6tcwi/pjyaDic=
github.com/mailru/easyjson v0.0.0-20180823135443-60711f1a8329/go.mod h1:C1wdFJiN94OJF2b5HbByQZoLdCWB1Yqtg26g4irojpc=
golang.org/x/net v0.0.0-20180218175443-cbe0f9307d01/go.mod h1:mL1N/T3taQHkDXs73rZJwtUhF3w3ftmwwsq0BUmARs4=
golang.org/x/net v0.0.0-20181114220301-adae6a3d119a h1:gOpx8G595UYyvj8UK4+OFyY4rx037g3fmfhe5SasG3U=
golang.org/x/net v0.0.0-20181114220301-adae6a3d119a/go.mod h1:mL1N/T3taQHkDXs73rZJwtUhF3w3ftmwwsq0BUmARs4=
golang.org/x/sys v0.0.0-20190204203706-41f3e6584952 h1:FDfvYgoVsA7TTZSbgiqjAbfPbK47CNHdWl3h/PJtii0=
golang.org/x/sys v0.0.0-20190204203706-41f3e6584952/go.mod h1:STP8DvDyc/dI5b8T5hshtkjS+E42TnysNCUPdjciGhY=
